
Microsoft Visual Studio Solution File, Format Version 12.00
# Visual Studio Version 17
VisualStudioVersion = 17.8.34330.188
MinimumVisualStudioVersion = 10.0.40219.1
Project("{FAE04EC0-301F-11D3-BF4B-00C04F79EFBC}") = "PokedexTracker", "PokedexTracker\PokedexTracker.csproj", "{BFD6053D-8581-4B64-AD23-3FF978031623}"
EndProject
Global
	GlobalSection(SolutionConfigurationPlatforms) = preSolution
		Debug|Any CPU = Debug|Any CPU
		Release|Any CPU = Release|Any CPU
	EndGlobalSection
	GlobalSection(ProjectConfigurationPlatforms) = postSolution
		{BFD6053D-8581-4B64-AD23-3FF978031623}.Debug|Any CPU.ActiveCfg = Debug|Any CPU
		{BFD6053D-8581-4B64-AD23-3FF978031623}.Debug|Any CPU.Build.0 = Debug|Any CPU
		{BFD6053D-8581-4B64-AD23-3FF978031623}.Release|Any CPU.ActiveCfg = Release|Any CPU
		{BFD6053D-8581-4B64-AD23-3FF978031623}.Release|Any CPU.Build.0 = Release|Any CPU
	EndGlobalSection
	GlobalSection(SolutionProperties) = preSolution
		HideSolutionNode = FALSE
	EndGlobalSection
	GlobalSection(ExtensibilityGlobals) = postSolution
		SolutionGuid = {F3EE7881-36BB-4207-BF1D-8D286117E9A1}
	EndGlobalSection
EndGlobal
